
Microsoft Visual Studio Solution File, Format Version 12.00
# Visual Studio 15
VisualStudioVersion = 15.0.27703.2047
MinimumVisualStudioVersion = 10.0.40219.1
Project("{8BC9CEB8-8B4A-11D0-8D11-00A0C91BC942}") = "LianDianQi", "LianDianQi\LianDianQi.vcxproj", "{67358C4B-F01E-4CF4-807E-EBCC45EBC586}"
EndProject
Global
	GlobalSection(SolutionConfigurationPlatforms) = preSolution
		Debug|x64 = Debug|x64
		Debug|x86 = Debug|x86
		Release|x64 = Release|x64
		Release|x86 = Release|x86
	EndGlobalSection
	GlobalSection(ProjectConfigurationPlatforms) = postSolution
		{67358C4B-F01E-4CF4-807E-EBCC45EBC586}.Debug|x64.ActiveCfg = Debug|x64
		{67358C4B-F01E-4CF4-807E-EBCC45EBC586}.Debug|x64.Build.0 = Debug|x64
		{67358C4B-F01E-4CF4-807E-EBCC45EBC586}.Debug|x86.ActiveCfg = Debug|Win32
		{67358C4B-F01E-4CF4-807E-EBCC45EBC586}.Debug|x86.Build.0 = Debug|Win32
		{67358C4B-F01E-4CF4-807E-EBCC45EBC586}.Release|x64.ActiveCfg = Release|x64
		{67358C4B-F01E-4CF4-807E-EBCC45EBC586}.Release|x64.Build.0 = Release|x64
		{67358C4B-F01E-4CF4-807E-EBCC45EBC586}.Release|x86.ActiveCfg = Release|Win32
		{67358C4B-F01E-4CF4-807E-EBCC45EBC586}.Release|x86.Build.0 = Release|Win32
	EndGlobalSection
	GlobalSection(SolutionProperties) = preSolution
		HideSolutionNode = FALSE
	EndGlobalSection
	GlobalSection(ExtensibilityGlobals) = postSolution
		SolutionGuid = {3AA9323D-7B2A-420C-9578-56C990806FCA}
	EndGlobalSection
EndGlobal
